
Microsoft Visual Studio Solution File, Format Version 12.00
# Visual Studio Version 16
VisualStudioVersion = 16.0.28922.388
MinimumVisualStudioVersion = 10.0.40219.1
Project("{FAE04EC0-301F-11D3-BF4B-00C04F79EFBC}") = "WebAPI", "WebAPI\WebAPI.csproj", "{037755E9-EE4A-4D39-B056-8FE71C092BE0}"
EndProject
Global
	GlobalSection(SolutionConfigurationPlatforms) = preSolution
		Debug|Any CPU = Debug|Any CPU
		Release|Any CPU = Release|Any CPU
	EndGlobalSection
	GlobalSection(ProjectConfigurationPlatforms) = postSolution
		{037755E9-EE4A-4D39-B056-8FE71C092BE0}.Debug|Any CPU.ActiveCfg = Debug|Any CPU
		{037755E9-EE4A-4D39-B056-8FE71C092BE0}.Debug|Any CPU.Build.0 = Debug|Any CPU
		{037755E9-EE4A-4D39-B056-8FE71C092BE0}.Release|Any CPU.ActiveCfg = Release|Any CPU
		{037755E9-EE4A-4D39-B056-8FE71C092BE0}.Release|Any CPU.Build.0 = Release|Any CPU
	EndGlobalSection
	GlobalSection(SolutionProperties) = preSolution
		HideSolutionNode = FALSE
	EndGlobalSection
	GlobalSection(ExtensibilityGlobals) = postSolution
		SolutionGuid = {5CD2307E-D2D0-46BF-A7DE-8B2BFE6CD833}
	EndGlobalSection
EndGlobal
